
Microsoft Visual Studio Solution File, Format Version 12.00
# Visual Studio Version 16
VisualStudioVersion = 16.0.29613.14
MinimumVisualStudioVersion = 10.0.40219.1
Project("{FAE04EC0-301F-11D3-BF4B-00C04F79EFBC}") = "AESR_mobileA", "AESR_mobileA.csproj", "{24C54E15-A8EA-4E00-9FEC-A986006FAF5A}"
EndProject
Global
	GlobalSection(SolutionConfigurationPlatforms) = preSolution
		Debug|Any CPU = Debug|Any CPU
		Release|Any CPU = Release|Any CPU
	EndGlobalSection
	GlobalSection(ProjectConfigurationPlatforms) = postSolution
		{24C54E15-A8EA-4E00-9FEC-A986006FAF5A}.Debug|Any CPU.ActiveCfg = Debug|Any CPU
		{24C54E15-A8EA-4E00-9FEC-A986006FAF5A}.Debug|Any CPU.Build.0 = Debug|Any CPU
		{24C54E15-A8EA-4E00-9FEC-A986006FAF5A}.Debug|Any CPU.Deploy.0 = Debug|Any CPU
		{24C54E15-A8EA-4E00-9FEC-A986006FAF5A}.Release|Any CPU.ActiveCfg = Release|Any CPU
		{24C54E15-A8EA-4E00-9FEC-A986006FAF5A}.Release|Any CPU.Build.0 = Release|Any CPU
		{24C54E15-A8EA-4E00-9FEC-A986006FAF5A}.Release|Any CPU.Deploy.0 = Release|Any CPU
	EndGlobalSection
	GlobalSection(SolutionProperties) = preSolution
		HideSolutionNode = FALSE
	EndGlobalSection
	GlobalSection(ExtensibilityGlobals) = postSolution
		SolutionGuid = {C3CFAF14-0B90-4412-BD94-D101FCA5B9AE}
	EndGlobalSection
EndGlobal
